
Microsoft Visual Studio Solution File, Format Version 12.00
# Visual Studio Version 16
VisualStudioVersion = 16.0.30204.135
MinimumVisualStudioVersion = 10.0.40219.1
Project("{FAE04EC0-301F-11D3-BF4B-00C04F79EFBC}") = "Orianhttpcalculator", "Orianhttpcalculator.csproj", "{88DE57B4-F30D-4383-B033-290A51796CEC}"
EndProject
Global
	GlobalSection(SolutionConfigurationPlatforms) = preSolution
		Debug|Any CPU = Debug|Any CPU
		Release|Any CPU = Release|Any CPU
	EndGlobalSection
	GlobalSection(ProjectConfigurationPlatforms) = postSolution
		{88DE57B4-F30D-4383-B033-290A51796CEC}.Debug|Any CPU.ActiveCfg = Debug|Any CPU
		{88DE57B4-F30D-4383-B033-290A51796CEC}.Debug|Any CPU.Build.0 = Debug|Any CPU
		{88DE57B4-F30D-4383-B033-290A51796CEC}.Release|Any CPU.ActiveCfg = Release|Any CPU
		{88DE57B4-F30D-4383-B033-290A51796CEC}.Release|Any CPU.Build.0 = Release|Any CPU
	EndGlobalSection
	GlobalSection(SolutionProperties) = preSolution
		HideSolutionNode = FALSE
	EndGlobalSection
	GlobalSection(ExtensibilityGlobals) = postSolution
		SolutionGuid = {80153013-20D5-47C9-A5EE-EF0C4B4E0B87}
	EndGlobalSection
EndGlobal
